
Microsoft Visual Studio Solution File, Format Version 12.00
# Visual Studio Version 17
VisualStudioVersion = 17.9.34607.119
MinimumVisualStudioVersion = 10.0.40219.1
Project("{9A19103F-16F7-4668-BE54-9A1E7A4F7556}") = "Lab_10_WPF", "Lab_10_WPF\Lab_10_WPF.csproj", "{6E639F04-502D-41B4-9EE4-9AD6EBDD6B89}"
EndProject
Project("{FAE04EC0-301F-11D3-BF4B-00C04F79EFBC}") = "Lab_10_Toggle", "Lab_10_Toggle\Lab_10_Toggle.csproj", "{700FA0A0-3C21-45A8-A409-C758CB3A51D0}"
EndProject
Global
	GlobalSection(SolutionConfigurationPlatforms) = preSolution
		Debug|Any CPU = Debug|Any CPU
		Release|Any CPU = Release|Any CPU
	EndGlobalSection
	GlobalSection(ProjectConfigurationPlatforms) = postSolution
		{6E639F04-502D-41B4-9EE4-9AD6EBDD6B89}.Debug|Any CPU.ActiveCfg = Debug|Any CPU
		{6E639F04-502D-41B4-9EE4-9AD6EBDD6B89}.Debug|Any CPU.Build.0 = Debug|Any CPU
		{6E639F04-502D-41B4-9EE4-9AD6EBDD6B89}.Release|Any CPU.ActiveCfg = Release|Any CPU
		{6E639F04-502D-41B4-9EE4-9AD6EBDD6B89}.Release|Any CPU.Build.0 = Release|Any CPU
		{700FA0A0-3C21-45A8-A409-C758CB3A51D0}.Debug|Any CPU.ActiveCfg = Debug|Any CPU
		{700FA0A0-3C21-45A8-A409-C758CB3A51D0}.Debug|Any CPU.Build.0 = Debug|Any CPU
		{700FA0A0-3C21-45A8-A409-C758CB3A51D0}.Release|Any CPU.ActiveCfg = Release|Any CPU
		{700FA0A0-3C21-45A8-A409-C758CB3A51D0}.Release|Any CPU.Build.0 = Release|Any CPU
	EndGlobalSection
	GlobalSection(SolutionProperties) = preSolution
		HideSolutionNode = FALSE
	EndGlobalSection
	GlobalSection(ExtensibilityGlobals) = postSolution
		SolutionGuid = {A1BCBBED-72FA-489B-952C-5A4C2451886C}
	EndGlobalSection
EndGlobal
